
Microsoft Visual Studio Solution File, Format Version 12.00
# Visual Studio Version 17
VisualStudioVersion = 17.3.32929.385
MinimumVisualStudioVersion = 10.0.40219.1
Project("{FAE04EC0-301F-11D3-BF4B-00C04F79EFBC}") = "MysteryNumber", "MysteryNumber.csproj", "{5A4CCAC6-1AEA-4703-9BA9-3A021804C4DD}"
EndProject
Global
	GlobalSection(SolutionConfigurationPlatforms) = preSolution
		Debug|Any CPU = Debug|Any CPU
		Release|Any CPU = Release|Any CPU
	EndGlobalSection
	GlobalSection(ProjectConfigurationPlatforms) = postSolution
		{5A4CCAC6-1AEA-4703-9BA9-3A021804C4DD}.Debug|Any CPU.ActiveCfg = Debug|Any CPU
		{5A4CCAC6-1AEA-4703-9BA9-3A021804C4DD}.Debug|Any CPU.Build.0 = Debug|Any CPU
		{5A4CCAC6-1AEA-4703-9BA9-3A021804C4DD}.Release|Any CPU.ActiveCfg = Release|Any CPU
		{5A4CCAC6-1AEA-4703-9BA9-3A021804C4DD}.Release|Any CPU.Build.0 = Release|Any CPU
	EndGlobalSection
	GlobalSection(SolutionProperties) = preSolution
		HideSolutionNode = FALSE
	EndGlobalSection
	GlobalSection(ExtensibilityGlobals) = postSolution
		SolutionGuid = {F4EBAE48-2C25-4150-AAAE-FE4A145BAAFC}
	EndGlobalSection
EndGlobal
